
Microsoft Visual Studio Solution File, Format Version 12.00
# Visual Studio 2012
Project("{FAE04EC0-301F-11D3-BF4B-00C04F79EFBC}") = "Portakal", "Portakal\Portakal.csproj", "{E9A7DDAE-B0B2-4649-BD1C-A49C2F1A9CCF}"
EndProject
Global
	GlobalSection(SolutionConfigurationPlatforms) = preSolution
		Debug|Any CPU = Debug|Any CPU
		Release|Any CPU = Release|Any CPU
	EndGlobalSection
	GlobalSection(ProjectConfigurationPlatforms) = postSolution
		{E9A7DDAE-B0B2-4649-BD1C-A49C2F1A9CCF}.Debug|Any CPU.ActiveCfg = Debug|Any CPU
		{E9A7DDAE-B0B2-4649-BD1C-A49C2F1A9CCF}.Debug|Any CPU.Build.0 = Debug|Any CPU
		{E9A7DDAE-B0B2-4649-BD1C-A49C2F1A9CCF}.Release|Any CPU.ActiveCfg = Release|Any CPU
		{E9A7DDAE-B0B2-4649-BD1C-A49C2F1A9CCF}.Release|Any CPU.Build.0 = Release|Any CPU
	EndGlobalSection
	GlobalSection(SolutionProperties) = preSolution
		HideSolutionNode = FALSE
	EndGlobalSection
EndGlobal
